{
  "name": "iCloud download image name prefixer",
  "version": "0.2.0",
  "lockfileVersion": 2,
  "requires": true,
  "packages": {
    "": {
      "name": "iCloud download image name prefixer",
      "version": "0.2.0",
      "license": "ISC",
      "dependencies": {
        "colors": "^1.4.0",
        "exifreader": "^4.6.0",
        "exiftool": "^0.0.3",
        "os": "^0.1.2"
      }
    },
    "node_modules/@xmldom/xmldom": {
      "version": "0.7.6",
      "resolved": "https://registry.npmjs.org/@xmldom/xmldom/-/xmldom-0.7.6.tgz",
      "integrity": "sha512-HHXP9hskkFQHy8QxxUXkS7946FFIhYVfGqsk0WLwllmexN9x/+R4UBLvurHEuyXRfVEObVR8APuQehykLviwSQ==",
      "optional": true,
      "engines": {
        "node": ">=10.0.0"
      }
    },
    "node_modules/colors": {
      "version": "1.4.0",
      "resolved": "https://registry.npmjs.org/colors/-/colors-1.4.0.tgz",
      "integrity": "sha512-a+UqTh4kgZg/SlGvfbzDHpgRu7AAQOmmqRHJnxhRZICKFUT91brVhNNt58CMWU9PsBbv3PDCZUHbVxuDiH2mtA==",
      "engines": {
        "node": ">=0.1.90"
      }
    },
    "node_modules/exifreader": {
      "version": "4.6.0",
      "resolved": "https://registry.npmjs.org/exifreader/-/exifreader-4.6.0.tgz",
      "integrity": "sha512-IqcXMl2VkvTgX56wzHcPVZObeqXTisGlExSwhWvwat6uTvXO6v6LvC51NZKM3rFhXJs/6CQ1pR9AbH3qJdpi7w==",
      "hasInstallScript": true,
      "optionalDependencies": {
        "@xmldom/xmldom": "^0.7.5"
      }
    },
    "node_modules/exiftool": {
      "version": "0.0.3",
      "resolved": "https://registry.npmjs.org/exiftool/-/exiftool-0.0.3.tgz",
      "integrity": "sha512-7xq/yI+ESuZEApWOTxp7bJ12XRjt+3LDqkCBLBkfrYDF3hQE65Lid/U2xYf7iCZ2LUBRWqsix1fXEfGvn9oTGw=="
    },
    "node_modules/os": {
      "version": "0.1.2",
      "resolved": "https://registry.npmjs.org/os/-/os-0.1.2.tgz",
      "integrity": "sha512-ZoXJkvAnljwvc56MbvhtKVWmSkzV712k42Is2mA0+0KTSRakq5XXuXpjZjgAt9ctzl51ojhQWakQQpmOvXWfjQ=="
    }
  },
  "dependencies": {
    "@xmldom/xmldom": {
      "version": "0.7.6",
      "resolved": "https://registry.npmjs.org/@xmldom/xmldom/-/xmldom-0.7.6.tgz",
      "integrity": "sha512-HHXP9hskkFQHy8QxxUXkS7946FFIhYVfGqsk0WLwllmexN9x/+R4UBLvurHEuyXRfVEObVR8APuQehykLviwSQ==",
      "optional": true
    },
    "colors": {
      "version": "1.4.0",
      "resolved": "https://registry.npmjs.org/colors/-/colors-1.4.0.tgz",
      "integrity": "sha512-a+UqTh4kgZg/SlGvfbzDHpgRu7AAQOmmqRHJnxhRZICKFUT91brVhNNt58CMWU9PsBbv3PDCZUHbVxuDiH2mtA=="
    },
    "exifreader": {
      "version": "4.6.0",
      "resolved": "https://registry.npmjs.org/exifreader/-/exifreader-4.6.0.tgz",
      "integrity": "sha512-IqcXMl2VkvTgX56wzHcPVZObeqXTisGlExSwhWvwat6uTvXO6v6LvC51NZKM3rFhXJs/6CQ1pR9AbH3qJdpi7w==",
      "requires": {
        "@xmldom/xmldom": "^0.7.5"
      }
    },
    "exiftool": {
      "version": "0.0.3",
      "resolved": "https://registry.npmjs.org/exiftool/-/exiftool-0.0.3.tgz",
      "integrity": "sha512-7xq/yI+ESuZEApWOTxp7bJ12XRjt+3LDqkCBLBkfrYDF3hQE65Lid/U2xYf7iCZ2LUBRWqsix1fXEfGvn9oTGw=="
    },
    "os": {
      "version": "0.1.2",
      "resolved": "https://registry.npmjs.org/os/-/os-0.1.2.tgz",
      "integrity": "sha512-ZoXJkvAnljwvc56MbvhtKVWmSkzV712k42Is2mA0+0KTSRakq5XXuXpjZjgAt9ctzl51ojhQWakQQpmOvXWfjQ=="
    }
  }
}
